
Microsoft Visual Studio Solution File, Format Version 12.00
# Visual Studio Version 16
VisualStudioVersion = 16.0.29728.190
MinimumVisualStudioVersion = 10.0.40219.1
Project("{FAE04EC0-301F-11D3-BF4B-00C04F79EFBC}") = "Proyecto_API.UWP", "Proyecto_API\Proyecto_API.UWP\Proyecto_API.UWP.csproj", "{8E598154-F0CF-43DA-8BB8-48395C3FCC60}"
EndProject
Project("{FAE04EC0-301F-11D3-BF4B-00C04F79EFBC}") = "Proyecto_API.Android", "Proyecto_API\Proyecto_API.Android\Proyecto_API.Android.csproj", "{BEB90D55-A731-4207-9256-44D9BA2DC48F}"
EndProject
Project("{FAE04EC0-301F-11D3-BF4B-00C04F79EFBC}") = "Proyecto_API.iOS", "Proyecto_API\Proyecto_API.iOS\Proyecto_API.iOS.csproj", "{51707A72-F670-410E-8DEE-FC856DC0D4F5}"
EndProject
Project("{FAE04EC0-301F-11D3-BF4B-00C04F79EFBC}") = "Proyecto_API", "Proyecto_API\Proyecto_API\Proyecto_API.csproj", "{5493EE18-55AC-4B49-A3AA-BCA91F54824B}"
EndProject
Global
	GlobalSection(SolutionConfigurationPlatforms) = preSolution
		Debug|Any CPU = Debug|Any CPU
		Debug|ARM = Debug|ARM
		Debug|iPhone = Debug|iPhone
		Debug|iPhoneSimulator = Debug|iPhoneSimulator
		Debug|x64 = Debug|x64
		Debug|x86 = Debug|x86
		Release|Any CPU = Release|Any CPU
		Release|ARM = Release|ARM
		Release|iPhone = Release|iPhone
		Release|iPhoneSimulator = Release|iPhoneSimulator
		Release|x64 = Release|x64
		Release|x86 = Release|x86
	EndGlobalSection
	GlobalSection(ProjectConfigurationPlatforms) = postSolution
		{8E598154-F0CF-43DA-8BB8-48395C3FCC60}.Debug|Any CPU.ActiveCfg = Debug|x86
		{8E598154-F0CF-43DA-8BB8-48395C3FCC60}.Debug|Any CPU.Build.0 = Debug|x86
		{8E598154-F0CF-43DA-8BB8-48395C3FCC60}.Debug|Any CPU.Deploy.0 = Debug|x86
		{8E598154-F0CF-43DA-8BB8-48395C3FCC60}.Debug|ARM.ActiveCfg = Debug|ARM
		{8E598154-F0CF-43DA-8BB8-48395C3FCC60}.Debug|ARM.Build.0 = Debug|ARM
		{8E598154-F0CF-43DA-8BB8-48395C3FCC60}.Debug|ARM.Deploy.0 = Debug|ARM
		{8E598154-F0CF-43DA-8BB8-48395C3FCC60}.Debug|iPhone.ActiveCfg = Debug|x86
		{8E598154-F0CF-43DA-8BB8-48395C3FCC60}.Debug|iPhone.Build.0 = Debug|x86
		{8E598154-F0CF-43DA-8BB8-48395C3FCC60}.Debug|iPhone.Deploy.0 = Debug|x86
		{8E598154-F0CF-43DA-8BB8-48395C3FCC60}.Debug|iPhoneSimulator.ActiveCfg = Debug|x86
		{8E598154-F0CF-43DA-8BB8-48395C3FCC60}.Debug|iPhoneSimulator.Build.0 = Debug|x86
		{8E598154-F0CF-43DA-8BB8-48395C3FCC60}.Debug|iPhoneSimulator.Deploy.0 = Debug|x86
		{8E598154-F0CF-43DA-8BB8-48395C3FCC60}.Debug|x64.ActiveCfg = Debug|x64
		{8E598154-F0CF-43DA-8BB8-48395C3FCC60}.Debug|x64.Build.0 = Debug|x64
		{8E598154-F0CF-43DA-8BB8-48395C3FCC60}.Debug|x64.Deploy.0 = Debug|x64
		{8E598154-F0CF-43DA-8BB8-48395C3FCC60}.Debug|x86.ActiveCfg = Debug|x86
		{8E598154-F0CF-43DA-8BB8-48395C3FCC60}.Debug|x86.Build.0 = Debug|x86
		{8E598154-F0CF-43DA-8BB8-48395C3FCC60}.Debug|x86.Deploy.0 = Debug|x86
		{8E598154-F0CF-43DA-8BB8-48395C3FCC60}.Release|Any CPU.ActiveCfg = Release|x86
		{8E598154-F0CF-43DA-8BB8-48395C3FCC60}.Release|Any CPU.Build.0 = Release|x86
		{8E598154-F0CF-43DA-8BB8-48395C3FCC60}.Release|Any CPU.Deploy.0 = Release|x86
		{8E598154-F0CF-43DA-8BB8-48395C3FCC60}.Release|ARM.ActiveCfg = Release|ARM
		{8E598154-F0CF-43DA-8BB8-48395C3FCC60}.Release|ARM.Build.0 = Release|ARM
		{8E598154-F0CF-43DA-8BB8-48395C3FCC60}.Release|ARM.Deploy.0 = Release|ARM
		{8E598154-F0CF-43DA-8BB8-48395C3FCC60}.Release|iPhone.ActiveCfg = Release|x86
		{8E598154-F0CF-43DA-8BB8-48395C3FCC60}.Release|iPhone.Build.0 = Release|x86
		{8E598154-F0CF-43DA-8BB8-48395C3FCC60}.Release|iPhone.Deploy.0 = Release|x86
		{8E598154-F0CF-43DA-8BB8-48395C3FCC60}.Release|iPhoneSimulator.ActiveCfg = Release|x86
		{8E598154-F0CF-43DA-8BB8-48395C3FCC60}.Release|iPhoneSimulator.Build.0 = Release|x86
		{8E598154-F0CF-43DA-8BB8-48395C3FCC60}.Release|iPhoneSimulator.Deploy.0 = Release|x86
		{8E598154-F0CF-43DA-8BB8-48395C3FCC60}.Release|x64.ActiveCfg = Release|x64
		{8E598154-F0CF-43DA-8BB8-48395C3FCC60}.Release|x64.Build.0 = Release|x64
		{8E598154-F0CF-43DA-8BB8-48395C3FCC60}.Release|x64.Deploy.0 = Release|x64
		{8E598154-F0CF-43DA-8BB8-48395C3FCC60}.Release|x86.ActiveCfg = Release|x86
		{8E598154-F0CF-43DA-8BB8-48395C3FCC60}.Release|x86.Build.0 = Release|x86
		{8E598154-F0CF-43DA-8BB8-48395C3FCC60}.Release|x86.Deploy.0 = Release|x86
		{BEB90D55-A731-4207-9256-44D9BA2DC48F}.Debug|Any CPU.ActiveCfg = Debug|Any CPU
		{BEB90D55-A731-4207-9256-44D9BA2DC48F}.Debug|Any CPU.Build.0 = Debug|Any CPU
		{BEB90D55-A731-4207-9256-44D9BA2DC48F}.Debug|Any CPU.Deploy.0 = Debug|Any CPU
		{BEB90D55-A731-4207-9256-44D9BA2DC48F}.Debug|ARM.ActiveCfg = Debug|Any CPU
		{BEB90D55-A731-4207-9256-44D9BA2DC48F}.Debug|ARM.Build.0 = Debug|Any CPU
		{BEB90D55-A731-4207-9256-44D9BA2DC48F}.Debug|ARM.Deploy.0 = Debug|Any CPU
		{BEB90D55-A731-4207-9256-44D9BA2DC48F}.Debug|iPhone.ActiveCfg = Debug|Any CPU
		{BEB90D55-A731-4207-9256-44D9BA2DC48F}.Debug|iPhone.Build.0 = Debug|Any CPU
		{BEB90D55-A731-4207-9256-44D9BA2DC48F}.Debug|iPhone.Deploy.0 = Debug|Any CPU
		{BEB90D55-A731-4207-9256-44D9BA2DC48F}.Debug|iPhoneSimulator.ActiveCfg = Debug|Any CPU
		{BEB90D55-A731-4207-9256-44D9BA2DC48F}.Debug|iPhoneSimulator.Build.0 = Debug|Any CPU
		{BEB90D55-A731-4207-9256-44D9BA2DC48F}.Debug|iPhoneSimulator.Deploy.0 = Debug|Any CPU
		{BEB90D55-A731-4207-9256-44D9BA2DC48F}.Debug|x64.ActiveCfg = Debug|Any CPU
		{BEB90D55-A731-4207-9256-44D9BA2DC48F}.Debug|x64.Build.0 = Debug|Any CPU
		{BEB90D55-A731-4207-9256-44D9BA2DC48F}.Debug|x64.Deploy.0 = Debug|Any CPU
		{BEB90D55-A731-4207-9256-44D9BA2DC48F}.Debug|x86.ActiveCfg = Debug|Any CPU
		{BEB90D55-A731-4207-9256-44D9BA2DC48F}.Debug|x86.Build.0 = Debug|Any CPU
		{BEB90D55-A731-4207-9256-44D9BA2DC48F}.Debug|x86.Deploy.0 = Debug|Any CPU
		{BEB90D55-A731-4207-9256-44D9BA2DC48F}.Release|Any CPU.ActiveCfg = Release|Any CPU
		{BEB90D55-A731-4207-9256-44D9BA2DC48F}.Release|Any CPU.Build.0 = Release|Any CPU
		{BEB90D55-A731-4207-9256-44D9BA2DC48F}.Release|Any CPU.Deploy.0 = Release|Any CPU
		{BEB90D55-A731-4207-9256-44D9BA2DC48F}.Release|ARM.ActiveCfg = Release|Any CPU
		{BEB90D55-A731-4207-9256-44D9BA2DC48F}.Release|ARM.Build.0 = Release|Any CPU
		{BEB90D55-A731-4207-9256-44D9BA2DC48F}.Release|ARM.Deploy.0 = Release|Any CPU
		{BEB90D55-A731-4207-9256-44D9BA2DC48F}.Release|iPhone.ActiveCfg = Release|Any CPU
		{BEB90D55-A731-4207-9256-44D9BA2DC48F}.Release|iPhone.Build.0 = Release|Any CPU
		{BEB90D55-A731-4207-9256-44D9BA2DC48F}.Release|iPhone.Deploy.0 = Release|Any CPU
		{BEB90D55-A731-4207-9256-44D9BA2DC48F}.Release|iPhoneSimulator.ActiveCfg = Release|Any CPU
		{BEB90D55-A731-4207-9256-44D9BA2DC48F}.Release|iPhoneSimulator.Build.0 = Release|Any CPU
		{BEB90D55-A731-4207-9256-44D9BA2DC48F}.Release|iPhoneSimulator.Deploy.0 = Release|Any CPU
		{BEB90D55-A731-4207-9256-44D9BA2DC48F}.Release|x64.ActiveCfg = Release|Any CPU
		{BEB90D55-A731-4207-9256-44D9BA2DC48F}.Release|x64.Build.0 = Release|Any CPU
		{BEB90D55-A731-4207-9256-44D9BA2DC48F}.Release|x64.Deploy.0 = Release|Any CPU
		{BEB90D55-A731-4207-9256-44D9BA2DC48F}.Release|x86.ActiveCfg = Release|Any CPU
		{BEB90D55-A731-4207-9256-44D9BA2DC48F}.Release|x86.Build.0 = Release|Any CPU
		{BEB90D55-A731-4207-9256-44D9BA2DC48F}.Release|x86.Deploy.0 = Release|Any CPU
		{51707A72-F670-410E-8DEE-FC856DC0D4F5}.Debug|Any CPU.ActiveCfg = Debug|iPhone
		{51707A72-F670-410E-8DEE-FC856DC0D4F5}.Debug|Any CPU.Build.0 = Debug|iPhone
		{51707A72-F670-410E-8DEE-FC856DC0D4F5}.Debug|Any CPU.Deploy.0 = Debug|iPhone
		{51707A72-F670-410E-8DEE-FC856DC0D4F5}.Debug|ARM.ActiveCfg = Debug|iPhoneSimulator
		{51707A72-F670-410E-8DEE-FC856DC0D4F5}.Debug|ARM.Build.0 = Debug|iPhoneSimulator
		{51707A72-F670-410E-8DEE-FC856DC0D4F5}.Debug|ARM.Deploy.0 = Debug|iPhoneSimulator
		{51707A72-F670-410E-8DEE-FC856DC0D4F5}.Debug|iPhone.ActiveCfg = Debug|iPhone
		{51707A72-F670-410E-8DEE-FC856DC0D4F5}.Debug|iPhone.Build.0 = Debug|iPhone
		{51707A72-F670-410E-8DEE-FC856DC0D4F5}.Debug|iPhone.Deploy.0 = Debug|iPhone
		{51707A72-F670-410E-8DEE-FC856DC0D4F5}.Debug|iPhoneSimulator.ActiveCfg = Debug|iPhoneSimulator
		{51707A72-F670-410E-8DEE-FC856DC0D4F5}.Debug|iPhoneSimulator.Build.0 = Debug|iPhoneSimulator
		{51707A72-F670-410E-8DEE-FC856DC0D4F5}.Debug|iPhoneSimulator.Deploy.0 = Debug|iPhoneSimulator
		{51707A72-F670-410E-8DEE-FC856DC0D4F5}.Debug|x64.ActiveCfg = Debug|iPhone
		{51707A72-F670-410E-8DEE-FC856DC0D4F5}.Debug|x64.Build.0 = Debug|iPhone
		{51707A72-F670-410E-8DEE-FC856DC0D4F5}.Debug|x64.Deploy.0 = Debug|iPhone
		{51707A72-F670-410E-8DEE-FC856DC0D4F5}.Debug|x86.ActiveCfg = Debug|iPhone
		{51707A72-F670-410E-8DEE-FC856DC0D4F5}.Debug|x86.Build.0 = Debug|iPhone
		{51707A72-F670-410E-8DEE-FC856DC0D4F5}.Debug|x86.Deploy.0 = Debug|iPhone
		{51707A72-F670-410E-8DEE-FC856DC0D4F5}.Release|Any CPU.ActiveCfg = Release|iPhone
		{51707A72-F670-410E-8DEE-FC856DC0D4F5}.Release|Any CPU.Build.0 = Release|iPhone
		{51707A72-F670-410E-8DEE-FC856DC0D4F5}.Release|Any CPU.Deploy.0 = Release|iPhone
		{51707A72-F670-410E-8DEE-FC856DC0D4F5}.Release|ARM.ActiveCfg = Release|iPhone
		{51707A72-F670-410E-8DEE-FC856DC0D4F5}.Release|ARM.Build.0 = Release|iPhone
		{51707A72-F670-410E-8DEE-FC856DC0D4F5}.Release|ARM.Deploy.0 = Release|iPhone
		{51707A72-F670-410E-8DEE-FC856DC0D4F5}.Release|iPhone.ActiveCfg = Release|iPhone
		{51707A72-F670-410E-8DEE-FC856DC0D4F5}.Release|iPhone.Build.0 = Release|iPhone
		{51707A72-F670-410E-8DEE-FC856DC0D4F5}.Release|iPhone.Deploy.0 = Release|iPhone
		{51707A72-F670-410E-8DEE-FC856DC0D4F5}.Release|iPhoneSimulator.ActiveCfg = Release|iPhoneSimulator
		{51707A72-F670-410E-8DEE-FC856DC0D4F5}.Release|iPhoneSimulator.Build.0 = Release|iPhoneSimulator
		{51707A72-F670-410E-8DEE-FC856DC0D4F5}.Release|iPhoneSimulator.Deploy.0 = Release|iPhoneSimulator
		{51707A72-F670-410E-8DEE-FC856DC0D4F5}.Release|x64.ActiveCfg = Release|iPhone
		{51707A72-F670-410E-8DEE-FC856DC0D4F5}.Release|x64.Build.0 = Release|iPhone
		{51707A72-F670-410E-8DEE-FC856DC0D4F5}.Release|x64.Deploy.0 = Release|iPhone
		{51707A72-F670-410E-8DEE-FC856DC0D4F5}.Release|x86.ActiveCfg = Release|iPhone
		{51707A72-F670-410E-8DEE-FC856DC0D4F5}.Release|x86.Build.0 = Release|iPhone
		{51707A72-F670-410E-8DEE-FC856DC0D4F5}.Release|x86.Deploy.0 = Release|iPhone
		{5493EE18-55AC-4B49-A3AA-BCA91F54824B}.Debug|Any CPU.ActiveCfg = Debug|Any CPU
		{5493EE18-55AC-4B49-A3AA-BCA91F54824B}.Debug|Any CPU.Build.0 = Debug|Any CPU
		{5493EE18-55AC-4B49-A3AA-BCA91F54824B}.Debug|Any CPU.Deploy.0 = Debug|Any CPU
		{5493EE18-55AC-4B49-A3AA-BCA91F54824B}.Debug|ARM.ActiveCfg = Debug|Any CPU
		{5493EE18-55AC-4B49-A3AA-BCA91F54824B}.Debug|ARM.Build.0 = Debug|Any CPU
		{5493EE18-55AC-4B49-A3AA-BCA91F54824B}.Debug|ARM.Deploy.0 = Debug|Any CPU
		{5493EE18-55AC-4B49-A3AA-BCA91F54824B}.Debug|iPhone.ActiveCfg = Debug|Any CPU
		{5493EE18-55AC-4B49-A3AA-BCA91F54824B}.Debug|iPhone.Build.0 = Debug|Any CPU
		{5493EE18-55AC-4B49-A3AA-BCA91F54824B}.Debug|iPhone.Deploy.0 = Debug|Any CPU
		{5493EE18-55AC-4B49-A3AA-BCA91F54824B}.Debug|iPhoneSimulator.ActiveCfg = Debug|Any CPU
		{5493EE18-55AC-4B49-A3AA-BCA91F54824B}.Debug|iPhoneSimulator.Build.0 = Debug|Any CPU
		{5493EE18-55AC-4B49-A3AA-BCA91F54824B}.Debug|iPhoneSimulator.Deploy.0 = Debug|Any CPU
		{5493EE18-55AC-4B49-A3AA-BCA91F54824B}.Debug|x64.ActiveCfg = Debug|Any CPU
		{5493EE18-55AC-4B49-A3AA-BCA91F54824B}.Debug|x64.Build.0 = Debug|Any CPU
		{5493EE18-55AC-4B49-A3AA-BCA91F54824B}.Debug|x64.Deploy.0 = Debug|Any CPU
		{5493EE18-55AC-4B49-A3AA-BCA91F54824B}.Debug|x86.ActiveCfg = Debug|Any CPU
		{5493EE18-55AC-4B49-A3AA-BCA91F54824B}.Debug|x86.Build.0 = Debug|Any CPU
		{5493EE18-55AC-4B49-A3AA-BCA91F54824B}.Debug|x86.Deploy.0 = Debug|Any CPU
		{5493EE18-55AC-4B49-A3AA-BCA91F54824B}.Release|Any CPU.ActiveCfg = Release|Any CPU
		{5493EE18-55AC-4B49-A3AA-BCA91F54824B}.Release|Any CPU.Build.0 = Release|Any CPU
		{5493EE18-55AC-4B49-A3AA-BCA91F54824B}.Release|Any CPU.Deploy.0 = Release|Any CPU
		{5493EE18-55AC-4B49-A3AA-BCA91F54824B}.Release|ARM.ActiveCfg = Release|Any CPU
		{5493EE18-55AC-4B49-A3AA-BCA91F54824B}.Release|ARM.Build.0 = Release|Any CPU
		{5493EE18-55AC-4B49-A3AA-BCA91F54824B}.Release|ARM.Deploy.0 = Release|Any CPU
		{5493EE18-55AC-4B49-A3AA-BCA91F54824B}.Release|iPhone.ActiveCfg = Release|Any CPU
		{5493EE18-55AC-4B49-A3AA-BCA91F54824B}.Release|iPhone.Build.0 = Release|Any CPU
		{5493EE18-55AC-4B49-A3AA-BCA91F54824B}.Release|iPhone.Deploy.0 = Release|Any CPU
		{5493EE18-55AC-4B49-A3AA-BCA91F54824B}.Release|iPhoneSimulator.ActiveCfg = Release|Any CPU
		{5493EE18-55AC-4B49-A3AA-BCA91F54824B}.Release|iPhoneSimulator.Build.0 = Release|Any CPU
		{5493EE18-55AC-4B49-A3AA-BCA91F54824B}.Release|iPhoneSimulator.Deploy.0 = Release|Any CPU
		{5493EE18-55AC-4B49-A3AA-BCA91F54824B}.Release|x64.ActiveCfg = Release|Any CPU
		{5493EE18-55AC-4B49-A3AA-BCA91F54824B}.Release|x64.Build.0 = Release|Any CPU
		{5493EE18-55AC-4B49-A3AA-BCA91F54824B}.Release|x64.Deploy.0 = Release|Any CPU
		{5493EE18-55AC-4B49-A3AA-BCA91F54824B}.Release|x86.ActiveCfg = Release|Any CPU
		{5493EE18-55AC-4B49-A3AA-BCA91F54824B}.Release|x86.Build.0 = Release|Any CPU
		{5493EE18-55AC-4B49-A3AA-BCA91F54824B}.Release|x86.Deploy.0 = Release|Any CPU
	EndGlobalSection
	GlobalSection(SolutionProperties) = preSolution
		HideSolutionNode = FALSE
	EndGlobalSection
	GlobalSection(ExtensibilityGlobals) = postSolution
		SolutionGuid = {2328DC6B-18C8-4715-8AE3-C41F0D8F6BA5}
	EndGlobalSection
EndGlobal
